
Microsoft Visual Studio Solution File, Format Version 12.00
# Visual Studio Version 17
VisualStudioVersion = 17.3.32901.215
MinimumVisualStudioVersion = 10.0.40219.1
Project("{9A19103F-16F7-4668-BE54-9A1E7A4F7556}") = "AES", "AES1\AES.csproj", "{51BE2A30-D694-4D41-8914-93314FF19AD6}"
EndProject
Project("{9A19103F-16F7-4668-BE54-9A1E7A4F7556}") = "GUI", "GUI\GUI.csproj", "{D2DAD405-6C94-41BD-8972-B9C071CAF205}"
EndProject
Project("{9A19103F-16F7-4668-BE54-9A1E7A4F7556}") = "Tests", "Tests\Tests.csproj", "{7745CAD4-0624-49AE-A382-9C86EB754155}"
EndProject
Project("{FAE04EC0-301F-11D3-BF4B-00C04F79EFBC}") = "ConsoleApp1", "ConsoleApp1\ConsoleApp1.csproj", "{B2A20336-6A29-4248-A186-0CEDB17EF9A2}"
EndProject
Global
	GlobalSection(SolutionConfigurationPlatforms) = preSolution
		Debug|Any CPU = Debug|Any CPU
		Release|Any CPU = Release|Any CPU
	EndGlobalSection
	GlobalSection(ProjectConfigurationPlatforms) = postSolution
		{51BE2A30-D694-4D41-8914-93314FF19AD6}.Debug|Any CPU.ActiveCfg = Debug|Any CPU
		{51BE2A30-D694-4D41-8914-93314FF19AD6}.Debug|Any CPU.Build.0 = Debug|Any CPU
		{51BE2A30-D694-4D41-8914-93314FF19AD6}.Release|Any CPU.ActiveCfg = Release|Any CPU
		{51BE2A30-D694-4D41-8914-93314FF19AD6}.Release|Any CPU.Build.0 = Release|Any CPU
		{D2DAD405-6C94-41BD-8972-B9C071CAF205}.Debug|Any CPU.ActiveCfg = Debug|Any CPU
		{D2DAD405-6C94-41BD-8972-B9C071CAF205}.Debug|Any CPU.Build.0 = Debug|Any CPU
		{D2DAD405-6C94-41BD-8972-B9C071CAF205}.Release|Any CPU.ActiveCfg = Release|Any CPU
		{D2DAD405-6C94-41BD-8972-B9C071CAF205}.Release|Any CPU.Build.0 = Release|Any CPU
		{7745CAD4-0624-49AE-A382-9C86EB754155}.Debug|Any CPU.ActiveCfg = Debug|Any CPU
		{7745CAD4-0624-49AE-A382-9C86EB754155}.Debug|Any CPU.Build.0 = Debug|Any CPU
		{7745CAD4-0624-49AE-A382-9C86EB754155}.Release|Any CPU.ActiveCfg = Release|Any CPU
		{7745CAD4-0624-49AE-A382-9C86EB754155}.Release|Any CPU.Build.0 = Release|Any CPU
		{B2A20336-6A29-4248-A186-0CEDB17EF9A2}.Debug|Any CPU.ActiveCfg = Debug|Any CPU
		{B2A20336-6A29-4248-A186-0CEDB17EF9A2}.Debug|Any CPU.Build.0 = Debug|Any CPU
		{B2A20336-6A29-4248-A186-0CEDB17EF9A2}.Release|Any CPU.ActiveCfg = Release|Any CPU
		{B2A20336-6A29-4248-A186-0CEDB17EF9A2}.Release|Any CPU.Build.0 = Release|Any CPU
	EndGlobalSection
	GlobalSection(SolutionProperties) = preSolution
		HideSolutionNode = FALSE
	EndGlobalSection
	GlobalSection(ExtensibilityGlobals) = postSolution
		SolutionGuid = {66BD04B3-D648-47A3-AE8E-9715B7DD5C81}
	EndGlobalSection
EndGlobal
